Microsoft Visual Studio Solution File, Format Version 12.00
# Visual Studio Version 17
VisualStudioVersion = 17.5.2.0
MinimumVisualStudioVersion = 10.0.40219.1
Project("{FAE04EC0-301F-11D3-BF4B-00C04F79EFBC}") = "12condicional_operadores_logicos", "12condicional_operadores_logicos.csproj", "{FD454F0D-8A8E-EE20-B93E-BF0ED1BB5AA1}"
EndProject
Global
	GlobalSection(SolutionConfigurationPlatforms) = preSolution
		Debug|Any CPU = Debug|Any CPU
		Release|Any CPU = Release|Any CPU
	EndGlobalSection
	GlobalSection(ProjectConfigurationPlatforms) = postSolution
		{FD454F0D-8A8E-EE20-B93E-BF0ED1BB5AA1}.Debug|Any CPU.ActiveCfg = Debug|Any CPU
		{FD454F0D-8A8E-EE20-B93E-BF0ED1BB5AA1}.Debug|Any CPU.Build.0 = Debug|Any CPU
		{FD454F0D-8A8E-EE20-B93E-BF0ED1BB5AA1}.Release|Any CPU.ActiveCfg = Release|Any CPU
		{FD454F0D-8A8E-EE20-B93E-BF0ED1BB5AA1}.Release|Any CPU.Build.0 = Release|Any CPU
	EndGlobalSection
	GlobalSection(SolutionProperties) = preSolution
		HideSolutionNode = FALSE
	EndGlobalSection
	GlobalSection(ExtensibilityGlobals) = postSolution
		SolutionGuid = {483459BD-9522-47E4-A329-AAAC8A39F3EB}
	EndGlobalSection
EndGlobal
