Microsoft Visual Studio Solution File, Format Version 12.00
# Visual Studio Version 17
VisualStudioVersion = 17.5.2.0
MinimumVisualStudioVersion = 10.0.40219.1
Project("{FAE04EC0-301F-11D3-BF4B-00C04F79EFBC}") = "20matriz", "20matriz.csproj", "{F52CFEC5-4E89-9640-B8DE-6CCB30805D96}"
EndProject
Global
	GlobalSection(SolutionConfigurationPlatforms) = preSolution
		Debug|Any CPU = Debug|Any CPU
		Release|Any CPU = Release|Any CPU
	EndGlobalSection
	GlobalSection(ProjectConfigurationPlatforms) = postSolution
		{F52CFEC5-4E89-9640-B8DE-6CCB30805D96}.Debug|Any CPU.ActiveCfg = Debug|Any CPU
		{F52CFEC5-4E89-9640-B8DE-6CCB30805D96}.Debug|Any CPU.Build.0 = Debug|Any CPU
		{F52CFEC5-4E89-9640-B8DE-6CCB30805D96}.Release|Any CPU.ActiveCfg = Release|Any CPU
		{F52CFEC5-4E89-9640-B8DE-6CCB30805D96}.Release|Any CPU.Build.0 = Release|Any CPU
	EndGlobalSection
	GlobalSection(SolutionProperties) = preSolution
		HideSolutionNode = FALSE
	EndGlobalSection
	GlobalSection(ExtensibilityGlobals) = postSolution
		SolutionGuid = {77C33505-B494-463F-8B7C-03F4033C4EFD}
	EndGlobalSection
EndGlobal
