Microsoft Visual Studio Solution File, Format Version 12.00
# Visual Studio Version 17
VisualStudioVersion = 17.5.2.0
MinimumVisualStudioVersion = 10.0.40219.1
Project("{FAE04EC0-301F-11D3-BF4B-00C04F79EFBC}") = "03constantes", "03constantes.csproj", "{89ECFA16-5EA8-612D-D364-C381351916CC}"
EndProject
Global
	GlobalSection(SolutionConfigurationPlatforms) = preSolution
		Debug|Any CPU = Debug|Any CPU
		Release|Any CPU = Release|Any CPU
	EndGlobalSection
	GlobalSection(ProjectConfigurationPlatforms) = postSolution
		{89ECFA16-5EA8-612D-D364-C381351916CC}.Debug|Any CPU.ActiveCfg = Debug|Any CPU
		{89ECFA16-5EA8-612D-D364-C381351916CC}.Debug|Any CPU.Build.0 = Debug|Any CPU
		{89ECFA16-5EA8-612D-D364-C381351916CC}.Release|Any CPU.ActiveCfg = Release|Any CPU
		{89ECFA16-5EA8-612D-D364-C381351916CC}.Release|Any CPU.Build.0 = Release|Any CPU
	EndGlobalSection
	GlobalSection(SolutionProperties) = preSolution
		HideSolutionNode = FALSE
	EndGlobalSection
	GlobalSection(ExtensibilityGlobals) = postSolution
		SolutionGuid = {7D6E7D8C-94C4-48EE-93B4-5770BEC277A7}
	EndGlobalSection
EndGlobal
