Microsoft Visual Studio Solution File, Format Version 12.00
# Visual Studio Version 17
VisualStudioVersion = 17.5.2.0
MinimumVisualStudioVersion = 10.0.40219.1
Project("{FAE04EC0-301F-11D3-BF4B-00C04F79EFBC}") = "10condicional_simples", "10condicional_simples.csproj", "{D434667A-BDDE-E15F-6B75-E6C45659242A}"
EndProject
Global
	GlobalSection(SolutionConfigurationPlatforms) = preSolution
		Debug|Any CPU = Debug|Any CPU
		Release|Any CPU = Release|Any CPU
	EndGlobalSection
	GlobalSection(ProjectConfigurationPlatforms) = postSolution
		{D434667A-BDDE-E15F-6B75-E6C45659242A}.Debug|Any CPU.ActiveCfg = Debug|Any CPU
		{D434667A-BDDE-E15F-6B75-E6C45659242A}.Debug|Any CPU.Build.0 = Debug|Any CPU
		{D434667A-BDDE-E15F-6B75-E6C45659242A}.Release|Any CPU.ActiveCfg = Release|Any CPU
		{D434667A-BDDE-E15F-6B75-E6C45659242A}.Release|Any CPU.Build.0 = Release|Any CPU
	EndGlobalSection
	GlobalSection(SolutionProperties) = preSolution
		HideSolutionNode = FALSE
	EndGlobalSection
	GlobalSection(ExtensibilityGlobals) = postSolution
		SolutionGuid = {3FF29636-B72D-4543-8E71-6C4264C79D48}
	EndGlobalSection
EndGlobal
