Microsoft Visual Studio Solution File, Format Version 12.00
# Visual Studio Version 17
VisualStudioVersion = 17.5.2.0
MinimumVisualStudioVersion = 10.0.40219.1
Project("{FAE04EC0-301F-11D3-BF4B-00C04F79EFBC}") = "13operador_ternario", "13operador_ternario.csproj", "{EC222D40-F043-21DE-736E-B411506C6E8E}"
EndProject
Global
	GlobalSection(SolutionConfigurationPlatforms) = preSolution
		Debug|Any CPU = Debug|Any CPU
		Release|Any CPU = Release|Any CPU
	EndGlobalSection
	GlobalSection(ProjectConfigurationPlatforms) = postSolution
		{EC222D40-F043-21DE-736E-B411506C6E8E}.Debug|Any CPU.ActiveCfg = Debug|Any CPU
		{EC222D40-F043-21DE-736E-B411506C6E8E}.Debug|Any CPU.Build.0 = Debug|Any CPU
		{EC222D40-F043-21DE-736E-B411506C6E8E}.Release|Any CPU.ActiveCfg = Release|Any CPU
		{EC222D40-F043-21DE-736E-B411506C6E8E}.Release|Any CPU.Build.0 = Release|Any CPU
	EndGlobalSection
	GlobalSection(SolutionProperties) = preSolution
		HideSolutionNode = FALSE
	EndGlobalSection
	GlobalSection(ExtensibilityGlobals) = postSolution
		SolutionGuid = {67BCD47C-DA54-4298-AF78-29A0C86F7148}
	EndGlobalSection
EndGlobal
