Microsoft Visual Studio Solution File, Format Version 12.00
# Visual Studio Version 17
VisualStudioVersion = 17.5.2.0
MinimumVisualStudioVersion = 10.0.40219.1
Project("{FAE04EC0-301F-11D3-BF4B-00C04F79EFBC}") = "17laco_para", "17laco_para.csproj", "{594CE22B-CE0F-1124-4B12-145D757D4715}"
EndProject
Global
	GlobalSection(SolutionConfigurationPlatforms) = preSolution
		Debug|Any CPU = Debug|Any CPU
		Release|Any CPU = Release|Any CPU
	EndGlobalSection
	GlobalSection(ProjectConfigurationPlatforms) = postSolution
		{594CE22B-CE0F-1124-4B12-145D757D4715}.Debug|Any CPU.ActiveCfg = Debug|Any CPU
		{594CE22B-CE0F-1124-4B12-145D757D4715}.Debug|Any CPU.Build.0 = Debug|Any CPU
		{594CE22B-CE0F-1124-4B12-145D757D4715}.Release|Any CPU.ActiveCfg = Release|Any CPU
		{594CE22B-CE0F-1124-4B12-145D757D4715}.Release|Any CPU.Build.0 = Release|Any CPU
	EndGlobalSection
	GlobalSection(SolutionProperties) = preSolution
		HideSolutionNode = FALSE
	EndGlobalSection
	GlobalSection(ExtensibilityGlobals) = postSolution
		SolutionGuid = {579EC66D-F88E-4B8C-8461-BB4501B9CA11}
	EndGlobalSection
EndGlobal
